
Microsoft Visual Studio Solution File, Format Version 12.00
# Visual Studio Version 16
VisualStudioVersion = 16.0.30011.22
MinimumVisualStudioVersion = 10.0.40219.1
Project("{FAE04EC0-301F-11D3-BF4B-00C04F79EFBC}") = "Lucene", "Lucene.csproj", "{3015F51B-30BE-4481-9917-A61185456D1E}"
EndProject
Global
	GlobalSection(SolutionConfigurationPlatforms) = preSolution
		Debug|Any CPU = Debug|Any CPU
		Release|Any CPU = Release|Any CPU
	EndGlobalSection
	GlobalSection(ProjectConfigurationPlatforms) = postSolution
		{3015F51B-30BE-4481-9917-A61185456D1E}.Debug|Any CPU.ActiveCfg = Debug|Any CPU
		{3015F51B-30BE-4481-9917-A61185456D1E}.Debug|Any CPU.Build.0 = Debug|Any CPU
		{3015F51B-30BE-4481-9917-A61185456D1E}.Release|Any CPU.ActiveCfg = Release|Any CPU
		{3015F51B-30BE-4481-9917-A61185456D1E}.Release|Any CPU.Build.0 = Release|Any CPU
	EndGlobalSection
	GlobalSection(SolutionProperties) = preSolution
		HideSolutionNode = FALSE
	EndGlobalSection
	GlobalSection(ExtensibilityGlobals) = postSolution
		SolutionGuid = {639338F9-6AB3-48E5-96A0-887C3341E203}
	EndGlobalSection
EndGlobal
