
Microsoft Visual Studio Solution File, Format Version 12.00
# Visual Studio Version 16
VisualStudioVersion = 16.0.29806.167
MinimumVisualStudioVersion = 10.0.40219.1
Project("{FAE04EC0-301F-11D3-BF4B-00C04F79EFBC}") = "Configurator", "Configurator.csproj", "{50E13BE2-1FBC-403B-8283-ECC574F61DAC}"
EndProject
Global
	GlobalSection(SolutionConfigurationPlatforms) = preSolution
		Debug|Any CPU = Debug|Any CPU
		Release|Any CPU = Release|Any CPU
	EndGlobalSection
	GlobalSection(ProjectConfigurationPlatforms) = postSolution
		{50E13BE2-1FBC-403B-8283-ECC574F61DAC}.Debug|Any CPU.ActiveCfg = Debug|Any CPU
		{50E13BE2-1FBC-403B-8283-ECC574F61DAC}.Debug|Any CPU.Build.0 = Debug|Any CPU
		{50E13BE2-1FBC-403B-8283-ECC574F61DAC}.Release|Any CPU.ActiveCfg = Release|Any CPU
		{50E13BE2-1FBC-403B-8283-ECC574F61DAC}.Release|Any CPU.Build.0 = Release|Any CPU
	EndGlobalSection
	GlobalSection(SolutionProperties) = preSolution
		HideSolutionNode = FALSE
	EndGlobalSection
	GlobalSection(ExtensibilityGlobals) = postSolution
		SolutionGuid = {B2D70D1E-B773-4E32-9DC9-8FC5CD4FB12D}
	EndGlobalSection
EndGlobal
